
Microsoft Visual Studio Solution File, Format Version 12.00
# Visual Studio 15
VisualStudioVersion = 15.0.27428.2015
MinimumVisualStudioVersion = 10.0.40219.1
Project("{9A19103F-16F7-4668-BE54-9A1E7A4F7556}") = "REManager", "REManager\REManager.csproj", "{16842DA8-F055-4FC7-9286-A64DCDE139C7}"
EndProject
Project("{151D2E53-A2C4-4D7D-83FE-D05416EBD58E}") = "REManagerRG", "REManagerRG\REManagerRG.deployproj", "{7325BF56-E48A-42CD-95F9-3105861497F9}"
EndProject
Global
	GlobalSection(SolutionConfigurationPlatforms) = preSolution
		Debug|Any CPU = Debug|Any CPU
		Release|Any CPU = Release|Any CPU
	EndGlobalSection
	GlobalSection(ProjectConfigurationPlatforms) = postSolution
		{16842DA8-F055-4FC7-9286-A64DCDE139C7}.Debug|Any CPU.ActiveCfg = Debug|Any CPU
		{16842DA8-F055-4FC7-9286-A64DCDE139C7}.Debug|Any CPU.Build.0 = Debug|Any CPU
		{16842DA8-F055-4FC7-9286-A64DCDE139C7}.Release|Any CPU.ActiveCfg = Release|Any CPU
		{16842DA8-F055-4FC7-9286-A64DCDE139C7}.Release|Any CPU.Build.0 = Release|Any CPU
		{7325BF56-E48A-42CD-95F9-3105861497F9}.Debug|Any CPU.ActiveCfg = Debug|Any CPU
		{7325BF56-E48A-42CD-95F9-3105861497F9}.Debug|Any CPU.Build.0 = Debug|Any CPU
		{7325BF56-E48A-42CD-95F9-3105861497F9}.Release|Any CPU.ActiveCfg = Release|Any CPU
		{7325BF56-E48A-42CD-95F9-3105861497F9}.Release|Any CPU.Build.0 = Release|Any CPU
	EndGlobalSection
	GlobalSection(SolutionProperties) = preSolution
		HideSolutionNode = FALSE
	EndGlobalSection
	GlobalSection(ExtensibilityGlobals) = postSolution
		SolutionGuid = {4CF695F5-60F8-4DA4-9061-C4C9AD6F8918}
	EndGlobalSection
EndGlobal
